// !$*UTF8*$!
{
	archiveVersion = 1;
	classes = {
	};
	objectVersion = 50;
	objects = {

/* Begin PBXBuildFile section */
		19DB1391252E901200B6FBC4 /* AppDelegate.swift in Sources */ = {isa = PBXBuildFile; fileRef = 19DB1390252E901200B6FBC4 /* AppDelegate.swift */; };
		19DB1393252E901200B6FBC4 /* SceneDelegate.swift in Sources */ = {isa = PBXBuildFile; fileRef = 19DB1392252E901200B6FBC4 /* SceneDelegate.swift */; };
		19DB1395252E901200B6FBC4 /* ContentView.swift in Sources */ = {isa = PBXBuildFile; fileRef = 19DB1394252E901200B6FBC4 /* ContentView.swift */; };
		19DB1397252E901300B6FBC4 /* Assets.xcassets in Resources */ = {isa = PBXBuildFile; fileRef = 19DB1396252E901300B6FBC4 /* Assets.xcassets */; };
		19DB139A252E901300B6FBC4 /* Preview Assets.xcassets in Resources */ = {isa = PBXBuildFile; fileRef = 19DB1399252E901300B6FBC4 /* Preview Assets.xcassets */; };
		19DB139D252E901300B6FBC4 /* LaunchScreen.storyboard in Resources */ = {isa = PBXBuildFile; fileRef = 19DB139B252E901300B6FBC4 /* LaunchScreen.storyboard */; };
/* End PBXBuildFile section */

/* Begin PBXFileReference section */
		19DB138D252E901100B6FBC4 /* TESTIOSCICD6.app */ = {isa = PBXFileReference; explicitFileType = wrapper.application; includeInIndex = 0; path = TESTIOSCICD6.app; sourceTree = BUILT_PRODUCTS_DIR; };
		19DB1390252E901200B6FBC4 /* AppDelegate.swift */ = {isa = PBXFileReference; lastKnownFileType = sourcecode.swift; path = AppDelegate.swift; sourceTree = "<group>"; };
		19DB1392252E901200B6FBC4 /* SceneDelegate.swift */ = {isa = PBXFileReference; lastKnownFileType = sourcecode.swift; path = SceneDelegate.swift; sourceTree = "<group>"; };
		19DB1394252E901200B6FBC4 /* ContentView.swift */ = {isa = PBXFileReference; lastKnownFileType = sourcecode.swift; path = ContentView.swift; sourceTree = "<group>"; };
		19DB1396252E901300B6FBC4 /* Assets.xcassets */ = {isa = PBXFileReference; lastKnownFileType = folder.assetcatalog; path = Assets.xcassets; sourceTree = "<group>"; };
		19DB1399252E901300B6FBC4 /* Preview Assets.xcassets */ = {isa = PBXFileReference; lastKnownFileType = folder.assetcatalog; path = "Preview Assets.xcassets"; sourceTree = "<group>"; };
		19DB139C252E901300B6FBC4 /* Base */ = {isa = PBXFileReference; lastKnownFileType = file.storyboard; name = Base; path = Base.lproj/LaunchScreen.storyboard; sourceTree = "<group>"; };
		19DB139E252E901300B6FBC4 /* Info.plist */ = {isa = PBXFileReference; lastKnownFileType = text.plist.xml; path = Info.plist; sourceTree = "<group>"; };
/* End PBXFileReference section */

/* Begin PBXFrameworksBuildPhase section */
		19DB138A252E901100B6FBC4 /* Frameworks */ = {
			isa = PBXFrameworksBuildPhase;
			buildActionMask = 2147483647;
			files = (
			);
			runOnlyForDeploymentPostprocessing = 0;
		};
/* End PBXFrameworksBuildPhase section */

/* Begin PBXGroup section */
		19DB1384252E901100B6FBC4 = {
			isa = PBXGroup;
			children = (
				19DB138F252E901100B6FBC4 /* TESTIOSCICD6 */,
				19DB138E252E901100B6FBC4 /* Products */,
			);
			sourceTree = "<group>";
		};
		19DB138E252E901100B6FBC4 /* Products */ = {
			isa = PBXGroup;
			children = (
				19DB138D252E901100B6FBC4 /* TESTIOSCICD6.app */,
			);
			name = Products;
			sourceTree = "<group>";
		};
		19DB138F252E901100B6FBC4 /* TESTIOSCICD6 */ = {
			isa = PBXGroup;
			children = (
				19DB1390252E901200B6FBC4 /* AppDelegate.swift */,
				19DB1392252E901200B6FBC4 /* SceneDelegate.swift */,
				19DB1394252E901200B6FBC4 /* ContentView.swift */,
				19DB1396252E901300B6FBC4 /* Assets.xcassets */,
				19DB139B252E901300B6FBC4 /* LaunchScreen.storyboard */,
				19DB139E252E901300B6FBC4 /* Info.plist */,
				19DB1398252E901300B6FBC4 /* Preview Content */,
			);
			path = TESTIOSCICD6;
			sourceTree = "<group>";
		};
		19DB1398252E901300B6FBC4 /* Preview Content */ = {
			isa = PBXGroup;
			children = (
				19DB1399252E901300B6FBC4 /* Preview Assets.xcassets */,
			);
			path = "Preview Content";
			sourceTree = "<group>";
		};
/* End PBXGroup section */

/* Begin PBXNativeTarget section */
		19DB138C252E901100B6FBC4 /* TESTIOSCICD6 */ = {
			isa = PBXNativeTarget;
			buildConfigurationList = 19DB13A1252E901300B6FBC4 /* Build configuration list for PBXNativeTarget "TESTIOSCICD6" */;
			buildPhases = (
				19DB1389252E901100B6FBC4 /* Sources */,
				19DB138A252E901100B6FBC4 /* Frameworks */,
				19DB138B252E901100B6FBC4 /* Resources */,
			);
			buildRules = (
			);
			dependencies = (
			);
			name = TESTIOSCICD6;
			productName = TESTIOSCICD6;
			productReference = 19DB138D252E901100B6FBC4 /* TESTIOSCICD6.app */;
			productType = "com.apple.product-type.application";
		};
/* End PBXNativeTarget section */

/* Begin PBXProject section */
		19DB1385252E901100B6FBC4 /* Project object */ = {
			isa = PBXProject;
			attributes = {
				LastSwiftUpdateCheck = 1120;
				LastUpgradeCheck = 1120;
				ORGANIZATIONNAME = "yang wulong";
				TargetAttributes = {
					19DB138C252E901100B6FBC4 = {
						CreatedOnToolsVersion = 11.2;
					};
				};
			};
			buildConfigurationList = 19DB1388252E901100B6FBC4 /* Build configuration list for PBXProject "TESTIOSCICD6" */;
			compatibilityVersion = "Xcode 9.3";
			developmentRegion = en;
			hasScannedForEncodings = 0;
			knownRegions = (
				en,
				Base,
			);
			mainGroup = 19DB1384252E901100B6FBC4;
			productRefGroup = 19DB138E252E901100B6FBC4 /* Products */;
			projectDirPath = "";
			projectRoot = "";
			targets = (
				19DB138C252E901100B6FBC4 /* TESTIOSCICD6 */,
			);
		};
/* End PBXProject section */

/* Begin PBXResourcesBuildPhase section */
		19DB138B252E901100B6FBC4 /* Resources */ = {
			isa = PBXResourcesBuildPhase;
			buildActionMask = 2147483647;
			files = (
				19DB139D252E901300B6FBC4 /* LaunchScreen.storyboard in Resources */,
				19DB139A252E901300B6FBC4 /* Preview Assets.xcassets in Resources */,
				19DB1397252E901300B6FBC4 /* Assets.xcassets in Resources */,
			);
			runOnlyForDeploymentPostprocessing = 0;
		};
/* End PBXResourcesBuildPhase section */

/* Begin PBXSourcesBuildPhase section */
		19DB1389252E901100B6FBC4 /* Sources */ = {
			isa = PBXSourcesBuildPhase;
			buildActionMask = 2147483647;
			files = (
				19DB1391252E901200B6FBC4 /* AppDelegate.swift in Sources */,
				19DB1393252E901200B6FBC4 /* SceneDelegate.swift in Sources */,
				19DB1395252E901200B6FBC4 /* ContentView.swift in Sources */,
			);
			runOnlyForDeploymentPostprocessing = 0;
		};
/* End PBXSourcesBuildPhase section */

/* Begin PBXVariantGroup section */
		19DB139B252E901300B6FBC4 /* LaunchScreen.storyboard */ = {
			isa = PBXVariantGroup;
			children = (
				19DB139C252E901300B6FBC4 /* Base */,
			);
			name = LaunchScreen.storyboard;
			sourceTree = "<group>";
		};
/* End PBXVariantGroup section */

/* Begin XCBuildConfiguration section */
		19DB139F252E901300B6FBC4 /* Debug */ = {
			isa = XCBuildConfiguration;
			buildSettings = {
				ALWAYS_SEARCH_USER_PATHS = NO;
				CLANG_ANALYZER_NONNULL = YES;
				CLANG_ANALYZER_NUMBER_OBJECT_CONVERSION = YES_AGGRESSIVE;
				CLANG_CXX_LANGUAGE_STANDARD = "gnu++14";
				CLANG_CXX_LIBRARY = "libc++";
				CLANG_ENABLE_MODULES = YES;
				CLANG_ENABLE_OBJC_ARC = YES;
				CLANG_ENABLE_OBJC_WEAK = YES;
				CLANG_WARN_BLOCK_CAPTURE_AUTORELEASING = YES;
				CLANG_WARN_BOOL_CONVERSION = YES;
				CLANG_WARN_COMMA = YES;
				CLANG_WARN_CONSTANT_CONVERSION = YES;
				CLANG_WARN_DEPRECATED_OBJC_IMPLEMENTATIONS = YES;
				CLANG_WARN_DIRECT_OBJC_ISA_USAGE = YES_ERROR;
				CLANG_WARN_DOCUMENTATION_COMMENTS = YES;
				CLANG_WARN_EMPTY_BODY = YES;
				CLANG_WARN_ENUM_CONVERSION = YES;
				CLANG_WARN_INFINITE_RECURSION = YES;
				CLANG_WARN_INT_CONVERSION = YES;
				CLANG_WARN_NON_LITERAL_NULL_CONVERSION = YES;
				CLANG_WARN_OBJC_IMPLICIT_RETAIN_SELF = YES;
				CLANG_WARN_OBJC_LITERAL_CONVERSION = YES;
				CLANG_WARN_OBJC_ROOT_CLASS = YES_ERROR;
				CLANG_WARN_RANGE_LOOP_ANALYSIS = YES;
				CLANG_WARN_STRICT_PROTOTYPES = YES;
				CLANG_WARN_SUSPICIOUS_MOVE = YES;
				CLANG_WARN_UNGUARDED_AVAILABILITY = YES_AGGRESSIVE;
				CLANG_WARN_UNREACHABLE_CODE = YES;
				CLANG_WARN__DUPLICATE_METHOD_MATCH = YES;
				COPY_PHASE_STRIP = NO;
				DEBUG_INFORMATION_FORMAT = dwarf;
				ENABLE_STRICT_OBJC_MSGSEND = YES;
				ENABLE_TESTABILITY = YES;
				GCC_C_LANGUAGE_STANDARD = gnu11;
				GCC_DYNAMIC_NO_PIC = NO;
				GCC_NO_COMMON_BLOCKS = YES;
				GCC_OPTIMIZATION_LEVEL = 0;
				GCC_PREPROCESSOR_DEFINITIONS = (
					"DEBUG=1",
					"$(inherited)",
				);
				GCC_WARN_64_TO_32_BIT_CONVERSION = YES;
				GCC_WARN_ABOUT_RETURN_TYPE = YES_ERROR;
				GCC_WARN_UNDECLARED_SELECTOR = YES;
				GCC_WARN_UNINITIALIZED_AUTOS = YES_AGGRESSIVE;
				GCC_WARN_UNUSED_FUNCTION = YES;
				GCC_WARN_UNUSED_VARIABLE = YES;
				IPHONEOS_DEPLOYMENT_TARGET = 13.2;
				MTL_ENABLE_DEBUG_INFO = INCLUDE_SOURCE;
				MTL_FAST_MATH = YES;
				ONLY_ACTIVE_ARCH = YES;
				SDKROOT = iphoneos;
				SWIFT_ACTIVE_COMPILATION_CONDITIONS = DEBUG;
				SWIFT_OPTIMIZATION_LEVEL = "-Onone";
			};
			name = Debug;
		};
		19DB13A0252E901300B6FBC4 /* Release */ = {
			isa = XCBuildConfiguration;
			buildSettings = {
				ALWAYS_SEARCH_USER_PATHS = NO;
				CLANG_ANALYZER_NONNULL = YES;
				CLANG_ANALYZER_NUMBER_OBJECT_CONVERSION = YES_AGGRESSIVE;
				CLANG_CXX_LANGUAGE_STANDARD = "gnu++14";
				CLANG_CXX_LIBRARY = "libc++";
				CLANG_ENABLE_MODULES = YES;
				CLANG_ENABLE_OBJC_ARC = YES;
				CLANG_ENABLE_OBJC_WEAK = YES;
				CLANG_WARN_BLOCK_CAPTURE_AUTORELEASING = YES;
				CLANG_WARN_BOOL_CONVERSION = YES;
				CLANG_WARN_COMMA = YES;
				CLANG_WARN_CONSTANT_CONVERSION = YES;
				CLANG_WARN_DEPRECATED_OBJC_IMPLEMENTATIONS = YES;
				CLANG_WARN_DIRECT_OBJC_ISA_USAGE = YES_ERROR;
				CLANG_WARN_DOCUMENTATION_COMMENTS = YES;
				CLANG_WARN_EMPTY_BODY = YES;
				CLANG_WARN_ENUM_CONVERSION = YES;
				CLANG_WARN_INFINITE_RECURSION = YES;
				CLANG_WARN_INT_CONVERSION = YES;
				CLANG_WARN_NON_LITERAL_NULL_CONVERSION = YES;
				CLANG_WARN_OBJC_IMPLICIT_RETAIN_SELF = YES;
				CLANG_WARN_OBJC_LITERAL_CONVERSION = YES;
				CLANG_WARN_OBJC_ROOT_CLASS = YES_ERROR;
				CLANG_WARN_RANGE_LOOP_ANALYSIS = YES;
				CLANG_WARN_STRICT_PROTOTYPES = YES;
				CLANG_WARN_SUSPICIOUS_MOVE = YES;
				CLANG_WARN_UNGUARDED_AVAILABILITY = YES_AGGRESSIVE;
				CLANG_WARN_UNREACHABLE_CODE = YES;
				CLANG_WARN__DUPLICATE_METHOD_MATCH = YES;
				COPY_PHASE_STRIP = NO;
				DEBUG_INFORMATION_FORMAT = "dwarf-with-dsym";
				ENABLE_NS_ASSERTIONS = NO;
				ENABLE_STRICT_OBJC_MSGSEND = YES;
				GCC_C_LANGUAGE_STANDARD = gnu11;
				GCC_NO_COMMON_BLOCKS = YES;
				GCC_WARN_64_TO_32_BIT_CONVERSION = YES;
				GCC_WARN_ABOUT_RETURN_TYPE = YES_ERROR;
				GCC_WARN_UNDECLARED_SELECTOR = YES;
				GCC_WARN_UNINITIALIZED_AUTOS = YES_AGGRESSIVE;
				GCC_WARN_UNUSED_FUNCTION = YES;
				GCC_WARN_UNUSED_VARIABLE = YES;
				IPHONEOS_DEPLOYMENT_TARGET = 13.2;
				MTL_ENABLE_DEBUG_INFO = NO;
				MTL_FAST_MATH = YES;
				SDKROOT = iphoneos;
				SWIFT_COMPILATION_MODE = wholemodule;
				SWIFT_OPTIMIZATION_LEVEL = "-O";
				VALIDATE_PRODUCT = YES;
			};
			name = Release;
		};
		19DB13A2252E901300B6FBC4 /* Debug */ = {
			isa = XCBuildConfiguration;
			buildSettings = {
				ASSETCATALOG_COMPILER_APPICON_NAME = AppIcon;
				CODE_SIGN_STYLE = Automatic;
				DEVELOPMENT_ASSET_PATHS = "\"TESTIOSCICD6/Preview Content\"";
				DEVELOPMENT_TEAM = FUTHQM4F2Z;
				ENABLE_PREVIEWS = YES;
				INFOPLIST_FILE = TESTIOSCICD6/Info.plist;
				LD_RUNPATH_SEARCH_PATHS = (
					"$(inherited)",
					"@executable_path/Frameworks",
				);
				PRODUCT_BUNDLE_IDENTIFIER = com.test.sms123456.TESTIOSCICD6;
				PRODUCT_NAME = "$(TARGET_NAME)";
				SWIFT_VERSION = 5.0;
				TARGETED_DEVICE_FAMILY = "1,2";
			};
			name = Debug;
		};
		19DB13A3252E901300B6FBC4 /* Release */ = {
			isa = XCBuildConfiguration;
			buildSettings = {
				ASSETCATALOG_COMPILER_APPICON_NAME = AppIcon;
				CODE_SIGN_STYLE = Automatic;
				DEVELOPMENT_ASSET_PATHS = "\"TESTIOSCICD6/Preview Content\"";
				DEVELOPMENT_TEAM = FUTHQM4F2Z;
				ENABLE_PREVIEWS = YES;
				INFOPLIST_FILE = TESTIOSCICD6/Info.plist;
				LD_RUNPATH_SEARCH_PATHS = (
					"$(inherited)",
					"@executable_path/Frameworks",
				);
				PRODUCT_BUNDLE_IDENTIFIER = com.test.sms123456.TESTIOSCICD6;
				PRODUCT_NAME = "$(TARGET_NAME)";
				SWIFT_VERSION = 5.0;
				TARGETED_DEVICE_FAMILY = "1,2";
			};
			name = Release;
		};
/* End XCBuildConfiguration section */

/* Begin XCConfigurationList section */
		19DB1388252E901100B6FBC4 /* Build configuration list for PBXProject "TESTIOSCICD6" */ = {
			isa = XCConfigurationList;
			buildConfigurations = (
				19DB139F252E901300B6FBC4 /* Debug */,
				19DB13A0252E901300B6FBC4 /* Release */,
			);
			defaultConfigurationIsVisible = 0;
			defaultConfigurationName = Release;
		};
		19DB13A1252E901300B6FBC4 /* Build configuration list for PBXNativeTarget "TESTIOSCICD6" */ = {
			isa = XCConfigurationList;
			buildConfigurations = (
				19DB13A2252E901300B6FBC4 /* Debug */,
				19DB13A3252E901300B6FBC4 /* Release */,
			);
			defaultConfigurationIsVisible = 0;
			defaultConfigurationName = Release;
		};
/* End XCConfigurationList section */
	};
	rootObject = 19DB1385252E901100B6FBC4 /* Project object */;
}
